{
  "nodes": {
    "flake-utils": {
      "inputs": {
        "systems": "systems"
      },
      "locked": {
        "lastModified": 1731533236,
        "narHash": "sha256-l0KFg5HjrsfsO/JpG+r7fRrqm12kzFHyUHqHCVpMMbI=",
        "owner": "numtide",
        "repo": "flake-utils",
        "rev": "11707dc2f618dd54ca8739b309ec4fc024de578b",
        "type": "github"
      },
      "original": {
        "owner": "numtide",
        "repo": "flake-utils",
        "type": "github"
      }
    },
    "flake-utils_2": {
      "inputs": {
        "systems": "systems_2"
      },
      "locked": {
        "lastModified": 1731533236,
        "narHash": "sha256-l0KFg5HjrsfsO/JpG+r7fRrqm12kzFHyUHqHCVpMMbI=",
        "owner": "numtide",
        "repo": "flake-utils",
        "rev": "11707dc2f618dd54ca8739b309ec4fc024de578b",
        "type": "github"
      },
      "original": {
        "owner": "numtide",
        "repo": "flake-utils",
        "type": "github"
      }
    },
    "nixpkgs": {
      "locked": {
        "lastModified": 1775710090,
        "narHash": "sha256-ar3rofg+awPB8QXDaFJhJ2jJhu+KqN/PRCXeyuXR76E=",
        "owner": "NixOS",
        "repo": "nixpkgs",
        "rev": "4c1018dae018162ec878d42fec712642d214fdfa",
        "type": "github"
      },
      "original": {
        "owner": "NixOS",
        "ref": "nixos-unstable",
        "repo": "nixpkgs",
        "type": "github"
      }
    },
    "nixpkgs_2": {
      "locked": {
        "lastModified": 1775710090,
        "narHash": "sha256-ar3rofg+awPB8QXDaFJhJ2jJhu+KqN/PRCXeyuXR76E=",
        "owner": "NixOS",
        "repo": "nixpkgs",
        "rev": "4c1018dae018162ec878d42fec712642d214fdfa",
        "type": "github"
      },
      "original": {
        "owner": "NixOS",
        "ref": "nixos-unstable",
        "repo": "nixpkgs",
        "type": "github"
      }
    },
    "notes": {
      "inputs": {
        "flake-utils": "flake-utils_2",
        "nixpkgs": "nixpkgs_2",
        "tinymist-src": "tinymist-src",
        "unisonSync": "unisonSync"
      },
      "locked": {
        "lastModified": 1775889164,
        "narHash": "sha256-nCSG5uaLac7XaIdQYYutHYCl4R6pbtuzJ6p2A2uWdZs=",
        "owner": "yhtq",
        "repo": "Notes",
        "rev": "316727326678566a46412c157e4495bc06e95095",
        "type": "github"
      },
      "original": {
        "owner": "yhtq",
        "repo": "Notes",
        "type": "github"
      }
    },
    "root": {
      "inputs": {
        "flake-utils": "flake-utils",
        "nixpkgs": "nixpkgs",
        "notes": "notes",
        "typix": "typix"
      }
    },
    "systems": {
      "locked": {
        "lastModified": 1681028828,
        "narHash": "sha256-Vy1rq5AaRuLzOxct8nz4T6wlgyUR7zLU309k9mBC768=",
        "owner": "nix-systems",
        "repo": "default",
        "rev": "da67096a3b9bf56a91d16901293e51ba5b49a27e",
        "type": "github"
      },
      "original": {
        "owner": "nix-systems",
        "repo": "default",
        "type": "github"
      }
    },
    "systems_2": {
      "locked": {
        "lastModified": 1681028828,
        "narHash": "sha256-Vy1rq5AaRuLzOxct8nz4T6wlgyUR7zLU309k9mBC768=",
        "owner": "nix-systems",
        "repo": "default",
        "rev": "da67096a3b9bf56a91d16901293e51ba5b49a27e",
        "type": "github"
      },
      "original": {
        "owner": "nix-systems",
        "repo": "default",
        "type": "github"
      }
    },
    "tinymist-src": {
      "flake": false,
      "locked": {
        "lastModified": 1775431426,
        "narHash": "sha256-rRhNXCpOtRrTU4RpT158jRyrh+u842ETtmADP9/Monw=",
        "owner": "Myriad-Dreamin",
        "repo": "tinymist",
        "rev": "fe659806c65ec73a39356dbb83b156c1e4bfd577",
        "type": "github"
      },
      "original": {
        "owner": "Myriad-Dreamin",
        "ref": "main",
        "repo": "tinymist",
        "type": "github"
      }
    },
    "typix": {
      "inputs": {
        "nixpkgs": [
          "nixpkgs"
        ]
      },
      "locked": {
        "lastModified": 1770454285,
        "narHash": "sha256-phmRhL/oS1MRoRsrF9bSLe+ZNlBOI6bRqYrLhFKAC54=",
        "owner": "loqusion",
        "repo": "typix",
        "rev": "f3dd958107debd143a1f1236d1994419e2bf7491",
        "type": "github"
      },
      "original": {
        "owner": "loqusion",
        "repo": "typix",
        "type": "github"
      }
    },
    "unisonSync": {
      "inputs": {
        "flake-utils": [
          "notes",
          "flake-utils"
        ],
        "nixpkgs": [
          "notes",
          "nixpkgs"
        ]
      },
      "locked": {
        "path": "tools/unison-sync",
        "type": "path"
      },
      "original": {
        "path": "tools/unison-sync",
        "type": "path"
      },
      "parent": [
        "notes"
      ]
    }
  },
  "root": "root",
  "version": 7
}
